{
  "name": "native",
  "lockfileVersion": 2,
  "requires": true,
  "packages": {
    "": {
      "dependencies": {
        "native": "^0.3.3"
      }
    },
    "node_modules/bluebird": {
      "version": "3.5.5",
      "resolved": "https://registry.npmjs.org/bluebird/-/bluebird-3.5.5.tgz",
      "integrity": "sha512-5am6HnnfN+urzt4yfg7IgTbotDjIT/u8AJpEt0sIU9FtXfVeezXAPKswrG+xKUCOYAINpSdgZVDU6QFh+cuH3w=="
    },
    "node_modules/collections": {
      "version": "5.1.13",
      "resolved": "https://registry.npmjs.org/collections/-/collections-5.1.13.tgz",
      "integrity": "sha512-SCb6Qd+d3Z02corWQ7/mqXiXeeTdHvkP6TeFSYfGYdCFp1WrjSNZ3j6y8Y3T/7osGEe0iOcU2g1d346l99m4Lg==",
      "dependencies": {
        "weak-map": "~1.0.x"
      }
    },
    "node_modules/core-util-is": {
      "version": "1.0.3",
      "resolved": "https://registry.npmjs.org/core-util-is/-/core-util-is-1.0.3.tgz",
      "integrity": "sha512-ZQBvi1DcpJ4GDqanjucZ2Hj3wEO5pZDS89BWbkcrvdxksJorwUDDZamX9ldFkp9aw2lmBDLgkObEA4DWNJ9FYQ=="
    },
    "node_modules/d": {
      "version": "1.0.1",
      "resolved": "https://registry.npmjs.org/d/-/d-1.0.1.tgz",
      "integrity": "sha512-m62ShEObQ39CfralilEQRjH6oAMtNCV1xJyEx5LpRYUVN+EviphDgUc/F3hnYbADmkiNs67Y+3ylmlG7Lnu+FA==",
      "dependencies": {
        "es5-ext": "^0.10.50",
        "type": "^1.0.1"
      }
    },
    "node_modules/domelementtype": {
      "version": "1.3.1",
      "resolved": "https://registry.npmjs.org/domelementtype/-/domelementtype-1.3.1.tgz",
      "integrity": "sha512-BSKB+TSpMpFI/HOxCNr1O8aMOTZ8hT3pM3GQ0w/mWRmkhEDSFJkkyzz4XQsBV44BChwGkrDfMyjVD0eA2aFV3w=="
    },
    "node_modules/domhandler": {
      "version": "2.0.3",
      "resolved": "https://registry.npmjs.org/domhandler/-/domhandler-2.0.3.tgz",
      "integrity": "sha1-iJ+N9iZAOvB4jinWbV1cb36/D9Y=",
      "dependencies": {
        "domelementtype": "1"
      }
    },
    "node_modules/domutils": {
      "version": "1.1.6",
      "resolved": "https://registry.npmjs.org/domutils/-/domutils-1.1.6.tgz",
      "integrity": "sha1-vdw94Jm5ou+sxRxiPyj0FuzFdIU=",
      "dependencies": {
        "domelementtype": "1"
      }
    },
    "node_modules/es5-ext": {
      "version": "0.10.53",
      "resolved": "https://registry.npmjs.org/es5-ext/-/es5-ext-0.10.53.tgz",
      "integrity": "sha512-Xs2Stw6NiNHWypzRTY1MtaG/uJlwCk8kH81920ma8mvN8Xq1gsfhZvpkImLQArw8AHnv8MT2I45J3c0R8slE+Q==",
      "dependencies": {
        "es6-iterator": "~2.0.3",
        "es6-symbol": "~3.1.3",
        "next-tick": "~1.0.0"
      }
    },
    "node_modules/es5-ext/node_modules/es6-symbol": {
      "version": "3.1.3",
      "resolved": "https://registry.npmjs.org/es6-symbol/-/es6-symbol-3.1.3.tgz",
      "integrity": "sha512-NJ6Yn3FuDinBaBRWl/q5X/s4koRHBrgKAu+yGI6JCBeiu3qrcbJhwT2GeR/EXVfylRk8dpQVJoLEFhK+Mu31NA==",
      "dependencies": {
        "d": "^1.0.1",
        "ext": "^1.1.2"
      }
    },
    "node_modules/es6-iterator": {
      "version": "2.0.3",
      "resolved": "https://registry.npmjs.org/es6-iterator/-/es6-iterator-2.0.3.tgz",
      "integrity": "sha1-p96IkUGgWpSwhUQDstCg+/qY87c=",
      "dependencies": {
        "d": "1",
        "es5-ext": "^0.10.35",
        "es6-symbol": "^3.1.1"
      }
    },
    "node_modules/es6-set": {
      "version": "0.1.5",
      "resolved": "https://registry.npmjs.org/es6-set/-/es6-set-0.1.5.tgz",
      "integrity": "sha1-0rPsXU2ADO2BjbU40ol02wpzzLE=",
      "dependencies": {
        "d": "1",
        "es5-ext": "~0.10.14",
        "es6-iterator": "~2.0.1",
        "es6-symbol": "3.1.1",
        "event-emitter": "~0.3.5"
      }
    },
    "node_modules/es6-symbol": {
      "version": "3.1.1",
      "resolved": "https://registry.npmjs.org/es6-symbol/-/es6-symbol-3.1.1.tgz",
      "integrity": "sha1-vwDvT9q2uhtG7Le2KbTH7VcVzHc=",
      "dependencies": {
        "d": "1",
        "es5-ext": "~0.10.14"
      }
    },
    "node_modules/event-emitter": {
      "version": "0.3.5",
      "resolved": "https://registry.npmjs.org/event-emitter/-/event-emitter-0.3.5.tgz",
      "integrity": "sha1-34xp7vFkeSPHFXuc6DhAYQsCzDk=",
      "dependencies": {
        "d": "1",
        "es5-ext": "~0.10.14"
      }
    },
    "node_modules/ext": {
      "version": "1.6.0",
      "resolved": "https://registry.npmjs.org/ext/-/ext-1.6.0.tgz",
      "integrity": "sha512-sdBImtzkq2HpkdRLtlLWDa6w4DX22ijZLKx8BMPUuKe1c5lbN6xwQDQCxSfxBQnHZ13ls/FH0MQZx/q/gr6FQg==",
      "dependencies": {
        "type": "^2.5.0"
      }
    },
    "node_modules/ext/node_modules/type": {
      "version": "2.6.0",
      "resolved": "https://registry.npmjs.org/type/-/type-2.6.0.tgz",
      "integrity": "sha512-eiDBDOmkih5pMbo9OqsqPRGMljLodLcwd5XD5JbtNB0o89xZAwynY9EdCDsJU7LtcVCClu9DvM7/0Ep1hYX3EQ=="
    },
    "node_modules/frb": {
      "version": "4.0.3",
      "resolved": "https://registry.npmjs.org/frb/-/frb-4.0.3.tgz",
      "integrity": "sha1-Hbgnwfv4mG/lRop0Z7NT5cP6u0w=",
      "dependencies": {
        "collections": "^5.1.3"
      }
    },
    "node_modules/htmlparser2": {
      "version": "3.0.5",
      "resolved": "https://registry.npmjs.org/htmlparser2/-/htmlparser2-3.0.5.tgz",
      "integrity": "sha1-fzBgjLeAnzX/fG3YDinCR6p9r18=",
      "dependencies": {
        "domelementtype": "1",
        "domhandler": "2.0",
        "domutils": "1.1",
        "readable-stream": "1.0"
      }
    },
    "node_modules/inherits": {
      "version": "2.0.4",
      "resolved": "https://registry.npmjs.org/inherits/-/inherits-2.0.4.tgz",
      "integrity": "sha512-k/vGaX4/Yla3WzyMCvTQOXYeIHvqOKtnqBduzTHpzpQZzAskKMhZ2K+EnBiSM9zGSoIFeMpXKxa4dYeZIQqewQ=="
    },
    "node_modules/isarray": {
      "version": "0.0.1",
      "resolved": "https://registry.npmjs.org/isarray/-/isarray-0.0.1.tgz",
      "integrity": "sha1-ihis/Kmo9Bd+Cav8YDiTmwXR7t8="
    },
    "node_modules/lodash.camelcase": {
      "version": "4.3.0",
      "resolved": "https://registry.npmjs.org/lodash.camelcase/-/lodash.camelcase-4.3.0.tgz",
      "integrity": "sha1-soqmKIorn8ZRA1x3EfZathkDMaY="
    },
    "node_modules/lodash.kebabcase": {
      "version": "4.1.1",
      "resolved": "https://registry.npmjs.org/lodash.kebabcase/-/lodash.kebabcase-4.1.1.tgz",
      "integrity": "sha1-hImxyw0p/4gZXM7KRI/21swpXDY="
    },
    "node_modules/lodash.snakecase": {
      "version": "4.1.1",
      "resolved": "https://registry.npmjs.org/lodash.snakecase/-/lodash.snakecase-4.1.1.tgz",
      "integrity": "sha1-OdcUo1NXFHg3rv1ktdy7Fr7Nj40="
    },
    "node_modules/lodash.trim": {
      "version": "4.5.1",
      "resolved": "https://registry.npmjs.org/lodash.trim/-/lodash.trim-4.5.1.tgz",
      "integrity": "sha1-NkJefukL5KpeJ7zruFt9EepHqlc="
    },
    "node_modules/mime": {
      "version": "1.6.0",
      "resolved": "https://registry.npmjs.org/mime/-/mime-1.6.0.tgz",
      "integrity": "sha512-x0Vn8spI+wuJ1O6S7gnbaQg8Pxh4NNHb7KSINmEWKiPE4RKOplvijn+NkmYmmRgP68mc70j2EbeTFRsrswaQeg==",
      "bin": {
        "mime": "cli.js"
      },
      "engines": {
        "node": ">=4"
      }
    },
    "node_modules/mimeparse": {
      "version": "0.1.4",
      "resolved": "https://registry.npmjs.org/mimeparse/-/mimeparse-0.1.4.tgz",
      "integrity": "sha1-2vsCdSNw/SJgk64xUsJxrwGsJUo=",
      "engines": {
        "node": "*"
      }
    },
    "node_modules/montage": {
      "version": "17.2.2",
      "resolved": "https://registry.npmjs.org/montage/-/montage-17.2.2.tgz",
      "integrity": "sha512-YITyDIFh2hRFMU2KJDmprqKhEx0l/bfIIJEGxeLI08GLytDnf2WY+jOfSKmCOuePQF/GhCTyDE7T5wDz2i6OOA==",
      "dependencies": {
        "bluebird": "~3.5.0",
        "collections": "~5.1.x",
        "frb": "~4.0.x",
        "htmlparser2": "~3.0.5",
        "lodash.camelcase": "^4.3.0",
        "lodash.kebabcase": "^4.1.1",
        "lodash.snakecase": "^4.1.1",
        "lodash.trim": "^4.5.1",
        "mr": "^17.0.11",
        "proxy-polyfill": "~0.1.7",
        "q-io": "^1.13.3",
        "weak-map": "^1.0.5"
      },
      "engines": {
        "node": "<=4.9.1",
        "npm": "<=2.15.11"
      }
    },
    "node_modules/mr": {
      "version": "17.0.14",
      "resolved": "https://registry.npmjs.org/mr/-/mr-17.0.14.tgz",
      "integrity": "sha512-ADXntqwl7wStHsrFLJnoOt69Gv42lxuoccR0V/6fy1sLJDtH4beoA+YwOWQHNQ7kCF7lOCJaW8cBACdTy3qzUA==",
      "dependencies": {
        "bluebird": "~3.5.0"
      },
      "bin": {
        "mr": "bin/mr"
      },
      "engines": {
        "node": "<=4.9.1",
        "npm": "<=2.15.11"
      }
    },
    "node_modules/native": {
      "version": "0.3.3",
      "resolved": "https://registry.npmjs.org/native/-/native-0.3.3.tgz",
      "integrity": "sha1-R0Nm35WsVB8+3fs+qlQi60p3Nmc=",
      "dependencies": {
        "montage": ">=16.0.4"
      }
    },
    "node_modules/next-tick": {
      "version": "1.0.0",
      "resolved": "https://registry.npmjs.org/next-tick/-/next-tick-1.0.0.tgz",
      "integrity": "sha1-yobR/ogoFpsBICCOPchCS524NCw="
    },
    "node_modules/proxy-polyfill": {
      "version": "0.1.7",
      "resolved": "https://registry.npmjs.org/proxy-polyfill/-/proxy-polyfill-0.1.7.tgz",
      "integrity": "sha1-HAb+ELC2BueSaOFNRSiVLmQDbTk="
    },
    "node_modules/q": {
      "version": "1.5.1",
      "resolved": "https://registry.npmjs.org/q/-/q-1.5.1.tgz",
      "integrity": "sha1-fjL3W0E4EpHQRhHxvxQQmsAGUdc=",
      "engines": {
        "node": ">=0.6.0",
        "teleport": ">=0.2.0"
      }
    },
    "node_modules/q-io": {
      "version": "1.13.6",
      "resolved": "https://registry.npmjs.org/q-io/-/q-io-1.13.6.tgz",
      "integrity": "sha1-BFC9s54IfLiaX9SkFjfqM0fJhTg=",
      "dependencies": {
        "es6-set": "^0.1.1",
        "mime": "^1.2.11",
        "mimeparse": "^0.1.4",
        "q": "^1.0.1",
        "qs": "^1.2.1",
        "url2": "^0.0.0"
      },
      "engines": {
        "node": ">=0.6.0"
      }
    },
    "node_modules/qs": {
      "version": "1.2.2",
      "resolved": "https://registry.npmjs.org/qs/-/qs-1.2.2.tgz",
      "integrity": "sha1-GbV/8k3CqZzh+L32r82ln472H4g="
    },
    "node_modules/readable-stream": {
      "version": "1.0.34",
      "resolved": "https://registry.npmjs.org/readable-stream/-/readable-stream-1.0.34.tgz",
      "integrity": "sha1-Elgg40vIQtLyqq+v5MKRbuMsFXw=",
      "dependencies": {
        "core-util-is": "~1.0.0",
        "inherits": "~2.0.1",
        "isarray": "0.0.1",
        "string_decoder": "~0.10.x"
      }
    },
    "node_modules/string_decoder": {
      "version": "0.10.31",
      "resolved": "https://registry.npmjs.org/string_decoder/-/string_decoder-0.10.31.tgz",
      "integrity": "sha1-YuIDvEF2bGwoyfyEMB2rHFMQ+pQ="
    },
    "node_modules/type": {
      "version": "1.2.0",
      "resolved": "https://registry.npmjs.org/type/-/type-1.2.0.tgz",
      "integrity": "sha512-+5nt5AAniqsCnu2cEQQdpzCAh33kVx8n0VoFidKpB1dVVLAN/F+bgVOqOJqOnEnrhp222clB5p3vUlD+1QAnfg=="
    },
    "node_modules/url2": {
      "version": "0.0.0",
      "resolved": "https://registry.npmjs.org/url2/-/url2-0.0.0.tgz",
      "integrity": "sha1-Tqq9HVw6yQ1iq0SFyZhCKGWgSxo="
    },
    "node_modules/weak-map": {
      "version": "1.0.5",
      "resolved": "https://registry.npmjs.org/weak-map/-/weak-map-1.0.5.tgz",
      "integrity": "sha1-eWkVhNmGB/UHC9O3CkDmuyLkAes="
    }
  },
  "dependencies": {
    "bluebird": {
      "version": "3.5.5",
      "resolved": "https://registry.npmjs.org/bluebird/-/bluebird-3.5.5.tgz",
      "integrity": "sha512-5am6HnnfN+urzt4yfg7IgTbotDjIT/u8AJpEt0sIU9FtXfVeezXAPKswrG+xKUCOYAINpSdgZVDU6QFh+cuH3w=="
    },
    "collections": {
      "version": "5.1.13",
      "resolved": "https://registry.npmjs.org/collections/-/collections-5.1.13.tgz",
      "integrity": "sha512-SCb6Qd+d3Z02corWQ7/mqXiXeeTdHvkP6TeFSYfGYdCFp1WrjSNZ3j6y8Y3T/7osGEe0iOcU2g1d346l99m4Lg==",
      "requires": {
        "weak-map": "~1.0.x"
      }
    },
    "core-util-is": {
      "version": "1.0.3",
      "resolved": "https://registry.npmjs.org/core-util-is/-/core-util-is-1.0.3.tgz",
      "integrity": "sha512-ZQBvi1DcpJ4GDqanjucZ2Hj3wEO5pZDS89BWbkcrvdxksJorwUDDZamX9ldFkp9aw2lmBDLgkObEA4DWNJ9FYQ=="
    },
    "d": {
      "version": "1.0.1",
      "resolved": "https://registry.npmjs.org/d/-/d-1.0.1.tgz",
      "integrity": "sha512-m62ShEObQ39CfralilEQRjH6oAMtNCV1xJyEx5LpRYUVN+EviphDgUc/F3hnYbADmkiNs67Y+3ylmlG7Lnu+FA==",
      "requires": {
        "es5-ext": "^0.10.50",
        "type": "^1.0.1"
      }
    },
    "domelementtype": {
      "version": "1.3.1",
      "resolved": "https://registry.npmjs.org/domelementtype/-/domelementtype-1.3.1.tgz",
      "integrity": "sha512-BSKB+TSpMpFI/HOxCNr1O8aMOTZ8hT3pM3GQ0w/mWRmkhEDSFJkkyzz4XQsBV44BChwGkrDfMyjVD0eA2aFV3w=="
    },
    "domhandler": {
      "version": "2.0.3",
      "resolved": "https://registry.npmjs.org/domhandler/-/domhandler-2.0.3.tgz",
      "integrity": "sha1-iJ+N9iZAOvB4jinWbV1cb36/D9Y=",
      "requires": {
        "domelementtype": "1"
      }
    },
    "domutils": {
      "version": "1.1.6",
      "resolved": "https://registry.npmjs.org/domutils/-/domutils-1.1.6.tgz",
      "integrity": "sha1-vdw94Jm5ou+sxRxiPyj0FuzFdIU=",
      "requires": {
        "domelementtype": "1"
      }
    },
    "es5-ext": {
      "version": "0.10.53",
      "resolved": "https://registry.npmjs.org/es5-ext/-/es5-ext-0.10.53.tgz",
      "integrity": "sha512-Xs2Stw6NiNHWypzRTY1MtaG/uJlwCk8kH81920ma8mvN8Xq1gsfhZvpkImLQArw8AHnv8MT2I45J3c0R8slE+Q==",
      "requires": {
        "es6-iterator": "~2.0.3",
        "es6-symbol": "~3.1.3",
        "next-tick": "~1.0.0"
      },
      "dependencies": {
        "es6-symbol": {
          "version": "3.1.3",
          "resolved": "https://registry.npmjs.org/es6-symbol/-/es6-symbol-3.1.3.tgz",
          "integrity": "sha512-NJ6Yn3FuDinBaBRWl/q5X/s4koRHBrgKAu+yGI6JCBeiu3qrcbJhwT2GeR/EXVfylRk8dpQVJoLEFhK+Mu31NA==",
          "requires": {
            "d": "^1.0.1",
            "ext": "^1.1.2"
          }
        }
      }
    },
    "es6-iterator": {
      "version": "2.0.3",
      "resolved": "https://registry.npmjs.org/es6-iterator/-/es6-iterator-2.0.3.tgz",
      "integrity": "sha1-p96IkUGgWpSwhUQDstCg+/qY87c=",
      "requires": {
        "d": "1",
        "es5-ext": "^0.10.35",
        "es6-symbol": "^3.1.1"
      }
    },
    "es6-set": {
      "version": "0.1.5",
      "resolved": "https://registry.npmjs.org/es6-set/-/es6-set-0.1.5.tgz",
      "integrity": "sha1-0rPsXU2ADO2BjbU40ol02wpzzLE=",
      "requires": {
        "d": "1",
        "es5-ext": "~0.10.14",
        "es6-iterator": "~2.0.1",
        "es6-symbol": "3.1.1",
        "event-emitter": "~0.3.5"
      }
    },
    "es6-symbol": {
      "version": "3.1.1",
      "resolved": "https://registry.npmjs.org/es6-symbol/-/es6-symbol-3.1.1.tgz",
      "integrity": "sha1-vwDvT9q2uhtG7Le2KbTH7VcVzHc=",
      "requires": {
        "d": "1",
        "es5-ext": "~0.10.14"
      }
    },
    "event-emitter": {
      "version": "0.3.5",
      "resolved": "https://registry.npmjs.org/event-emitter/-/event-emitter-0.3.5.tgz",
      "integrity": "sha1-34xp7vFkeSPHFXuc6DhAYQsCzDk=",
      "requires": {
        "d": "1",
        "es5-ext": "~0.10.14"
      }
    },
    "ext": {
      "version": "1.6.0",
      "resolved": "https://registry.npmjs.org/ext/-/ext-1.6.0.tgz",
      "integrity": "sha512-sdBImtzkq2HpkdRLtlLWDa6w4DX22ijZLKx8BMPUuKe1c5lbN6xwQDQCxSfxBQnHZ13ls/FH0MQZx/q/gr6FQg==",
      "requires": {
        "type": "^2.5.0"
      },
      "dependencies": {
        "type": {
          "version": "2.6.0",
          "resolved": "https://registry.npmjs.org/type/-/type-2.6.0.tgz",
          "integrity": "sha512-eiDBDOmkih5pMbo9OqsqPRGMljLodLcwd5XD5JbtNB0o89xZAwynY9EdCDsJU7LtcVCClu9DvM7/0Ep1hYX3EQ=="
        }
      }
    },
    "frb": {
      "version": "4.0.3",
      "resolved": "https://registry.npmjs.org/frb/-/frb-4.0.3.tgz",
      "integrity": "sha1-Hbgnwfv4mG/lRop0Z7NT5cP6u0w=",
      "requires": {
        "collections": "^5.1.3"
      }
    },
    "htmlparser2": {
      "version": "3.0.5",
      "resolved": "https://registry.npmjs.org/htmlparser2/-/htmlparser2-3.0.5.tgz",
      "integrity": "sha1-fzBgjLeAnzX/fG3YDinCR6p9r18=",
      "requires": {
        "domelementtype": "1",
        "domhandler": "2.0",
        "domutils": "1.1",
        "readable-stream": "1.0"
      }
    },
    "inherits": {
      "version": "2.0.4",
      "resolved": "https://registry.npmjs.org/inherits/-/inherits-2.0.4.tgz",
      "integrity": "sha512-k/vGaX4/Yla3WzyMCvTQOXYeIHvqOKtnqBduzTHpzpQZzAskKMhZ2K+EnBiSM9zGSoIFeMpXKxa4dYeZIQqewQ=="
    },
    "isarray": {
      "version": "0.0.1",
      "resolved": "https://registry.npmjs.org/isarray/-/isarray-0.0.1.tgz",
      "integrity": "sha1-ihis/Kmo9Bd+Cav8YDiTmwXR7t8="
    },
    "lodash.camelcase": {
      "version": "4.3.0",
      "resolved": "https://registry.npmjs.org/lodash.camelcase/-/lodash.camelcase-4.3.0.tgz",
      "integrity": "sha1-soqmKIorn8ZRA1x3EfZathkDMaY="
    },
    "lodash.kebabcase": {
      "version": "4.1.1",
      "resolved": "https://registry.npmjs.org/lodash.kebabcase/-/lodash.kebabcase-4.1.1.tgz",
      "integrity": "sha1-hImxyw0p/4gZXM7KRI/21swpXDY="
    },
    "lodash.snakecase": {
      "version": "4.1.1",
      "resolved": "https://registry.npmjs.org/lodash.snakecase/-/lodash.snakecase-4.1.1.tgz",
      "integrity": "sha1-OdcUo1NXFHg3rv1ktdy7Fr7Nj40="
    },
    "lodash.trim": {
      "version": "4.5.1",
      "resolved": "https://registry.npmjs.org/lodash.trim/-/lodash.trim-4.5.1.tgz",
      "integrity": "sha1-NkJefukL5KpeJ7zruFt9EepHqlc="
    },
    "mime": {
      "version": "1.6.0",
      "resolved": "https://registry.npmjs.org/mime/-/mime-1.6.0.tgz",
      "integrity": "sha512-x0Vn8spI+wuJ1O6S7gnbaQg8Pxh4NNHb7KSINmEWKiPE4RKOplvijn+NkmYmmRgP68mc70j2EbeTFRsrswaQeg=="
    },
    "mimeparse": {
      "version": "0.1.4",
      "resolved": "https://registry.npmjs.org/mimeparse/-/mimeparse-0.1.4.tgz",
      "integrity": "sha1-2vsCdSNw/SJgk64xUsJxrwGsJUo="
    },
    "montage": {
      "version": "17.2.2",
      "resolved": "https://registry.npmjs.org/montage/-/montage-17.2.2.tgz",
      "integrity": "sha512-YITyDIFh2hRFMU2KJDmprqKhEx0l/bfIIJEGxeLI08GLytDnf2WY+jOfSKmCOuePQF/GhCTyDE7T5wDz2i6OOA==",
      "requires": {
        "bluebird": "~3.5.0",
        "collections": "~5.1.x",
        "frb": "~4.0.x",
        "htmlparser2": "~3.0.5",
        "lodash.camelcase": "^4.3.0",
        "lodash.kebabcase": "^4.1.1",
        "lodash.snakecase": "^4.1.1",
        "lodash.trim": "^4.5.1",
        "mr": "^17.0.11",
        "proxy-polyfill": "~0.1.7",
        "q-io": "^1.13.3",
        "weak-map": "^1.0.5"
      }
    },
    "mr": {
      "version": "17.0.14",
      "resolved": "https://registry.npmjs.org/mr/-/mr-17.0.14.tgz",
      "integrity": "sha512-ADXntqwl7wStHsrFLJnoOt69Gv42lxuoccR0V/6fy1sLJDtH4beoA+YwOWQHNQ7kCF7lOCJaW8cBACdTy3qzUA==",
      "requires": {
        "bluebird": "~3.5.0"
      }
    },
    "native": {
      "version": "0.3.3",
      "resolved": "https://registry.npmjs.org/native/-/native-0.3.3.tgz",
      "integrity": "sha1-R0Nm35WsVB8+3fs+qlQi60p3Nmc=",
      "requires": {
        "montage": ">=16.0.4"
      }
    },
    "next-tick": {
      "version": "1.0.0",
      "resolved": "https://registry.npmjs.org/next-tick/-/next-tick-1.0.0.tgz",
      "integrity": "sha1-yobR/ogoFpsBICCOPchCS524NCw="
    },
    "proxy-polyfill": {
      "version": "0.1.7",
      "resolved": "https://registry.npmjs.org/proxy-polyfill/-/proxy-polyfill-0.1.7.tgz",
      "integrity": "sha1-HAb+ELC2BueSaOFNRSiVLmQDbTk="
    },
    "q": {
      "version": "1.5.1",
      "resolved": "https://registry.npmjs.org/q/-/q-1.5.1.tgz",
      "integrity": "sha1-fjL3W0E4EpHQRhHxvxQQmsAGUdc="
    },
    "q-io": {
      "version": "1.13.6",
      "resolved": "https://registry.npmjs.org/q-io/-/q-io-1.13.6.tgz",
      "integrity": "sha1-BFC9s54IfLiaX9SkFjfqM0fJhTg=",
      "requires": {
        "es6-set": "^0.1.1",
        "mime": "^1.2.11",
        "mimeparse": "^0.1.4",
        "q": "^1.0.1",
        "qs": "^1.2.1",
        "url2": "^0.0.0"
      }
    },
    "qs": {
      "version": "1.2.2",
      "resolved": "https://registry.npmjs.org/qs/-/qs-1.2.2.tgz",
      "integrity": "sha1-GbV/8k3CqZzh+L32r82ln472H4g="
    },
    "readable-stream": {
      "version": "1.0.34",
      "resolved": "https://registry.npmjs.org/readable-stream/-/readable-stream-1.0.34.tgz",
      "integrity": "sha1-Elgg40vIQtLyqq+v5MKRbuMsFXw=",
      "requires": {
        "core-util-is": "~1.0.0",
        "inherits": "~2.0.1",
        "isarray": "0.0.1",
        "string_decoder": "~0.10.x"
      }
    },
    "string_decoder": {
      "version": "0.10.31",
      "resolved": "https://registry.npmjs.org/string_decoder/-/string_decoder-0.10.31.tgz",
      "integrity": "sha1-YuIDvEF2bGwoyfyEMB2rHFMQ+pQ="
    },
    "type": {
      "version": "1.2.0",
      "resolved": "https://registry.npmjs.org/type/-/type-1.2.0.tgz",
      "integrity": "sha512-+5nt5AAniqsCnu2cEQQdpzCAh33kVx8n0VoFidKpB1dVVLAN/F+bgVOqOJqOnEnrhp222clB5p3vUlD+1QAnfg=="
    },
    "url2": {
      "version": "0.0.0",
      "resolved": "https://registry.npmjs.org/url2/-/url2-0.0.0.tgz",
      "integrity": "sha1-Tqq9HVw6yQ1iq0SFyZhCKGWgSxo="
    },
    "weak-map": {
      "version": "1.0.5",
      "resolved": "https://registry.npmjs.org/weak-map/-/weak-map-1.0.5.tgz",
      "integrity": "sha1-eWkVhNmGB/UHC9O3CkDmuyLkAes="
    }
  }
}
